
Microsoft Visual Studio Solution File, Format Version 12.00
# Visual Studio Version 17
VisualStudioVersion = 17.0.31903.59
MinimumVisualStudioVersion = 10.0.40219.1
Project("{2150E333-8FDC-42A3-9474-1A3956D46DE8}") = "src", "src", "{357E275A-AF24-4194-993C-724141E5141B}"
EndProject
Project("{FAE04EC0-301F-11D3-BF4B-00C04F79EFBC}") = "TelegramLike.Web", "src\TelegramLike.Web\TelegramLike.Web.csproj", "{50D4BCAC-5506-4095-94C3-428A47C9B7A6}"
EndProject
Project("{2150E333-8FDC-42A3-9474-1A3956D46DE8}") = "tests", "tests", "{8161A879-7D32-4130-9F3E-F10774B31A59}"
EndProject
Project("{FAE04EC0-301F-11D3-BF4B-00C04F79EFBC}") = "TelegramLike.Contracts", "src\TelegramLike.Contracts\TelegramLike.Contracts.csproj", "{F8E56F6F-51F9-4B12-97A0-9A2C795DCEE3}"
EndProject
Project("{FAE04EC0-301F-11D3-BF4B-00C04F79EFBC}") = "TelegramLike.Notifications.Domain.Tests", "tests\TelegramLike.Notifications.Domain.Tests\TelegramLike.Notifications.Domain.Tests.csproj", "{9E87A4CD-F504-4666-B9AF-D6D73546B03C}"
EndProject
Project("{FAE04EC0-301F-11D3-BF4B-00C04F79EFBC}") = "TelegramLike.Notifications.Application.Tests", "tests\TelegramLike.Notifications.Application.Tests\TelegramLike.Notifications.Application.Tests.csproj", "{52A21604-C0BF-4D23-82D8-E369AEDD227B}"
EndProject
Project("{FAE04EC0-301F-11D3-BF4B-00C04F79EFBC}") = "TelegramLike.Notifications.Infrastructure.Tests", "tests\TelegramLike.Notifications.Infrastructure.Tests\TelegramLike.Notifications.Infrastructure.Tests.csproj", "{2B8DA07C-ECC6-4D35-B212-F8F3BA7E2B1C}"
EndProject
Project("{2150E333-8FDC-42A3-9474-1A3956D46DE8}") = "services", "services", "{090EE9D9-0584-430A-B334-668DDD1F99D5}"
EndProject
Project("{2150E333-8FDC-42A3-9474-1A3956D46DE8}") = "notifications", "notifications", "{1ED90155-F0A1-4612-A37D-ECE771DB9421}"
EndProject
Project("{FAE04EC0-301F-11D3-BF4B-00C04F79EFBC}") = "TelegramLike.Notifications.Domain", "src\services\notifications\TelegramLike.Notifications.Domain\TelegramLike.Notifications.Domain.csproj", "{FEDCDE2D-F611-4334-A989-667DB5AECC7C}"
EndProject
Project("{FAE04EC0-301F-11D3-BF4B-00C04F79EFBC}") = "TelegramLike.Notifications.Application", "src\services\notifications\TelegramLike.Notifications.Application\TelegramLike.Notifications.Application.csproj", "{20C062B7-6124-4306-968F-F7BCC5C8B4FA}"
EndProject
Project("{FAE04EC0-301F-11D3-BF4B-00C04F79EFBC}") = "TelegramLike.Notifications.Infrastructure", "src\services\notifications\TelegramLike.Notifications.Infrastructure\TelegramLike.Notifications.Infrastructure.csproj", "{A1680A74-9096-42D9-BE75-9A38440B46F9}"
EndProject
Project("{FAE04EC0-301F-11D3-BF4B-00C04F79EFBC}") = "TelegramLike.Notifications.Api", "src\services\notifications\TelegramLike.Notifications.Api\TelegramLike.Notifications.Api.csproj", "{27C669AC-90E8-4F6F-B84C-41E6EFF03B62}"
EndProject
Project("{2150E333-8FDC-42A3-9474-1A3956D46DE8}") = "presence", "presence", "{42FC3C26-1EF9-4902-A01E-E62BF419246F}"
EndProject
Project("{FAE04EC0-301F-11D3-BF4B-00C04F79EFBC}") = "TelegramLike.Presence.Domain", "src\services\presence\TelegramLike.Presence.Domain\TelegramLike.Presence.Domain.csproj", "{0FA07131-0E56-4571-94B1-DBE15B7AB8DD}"
EndProject
Project("{FAE04EC0-301F-11D3-BF4B-00C04F79EFBC}") = "TelegramLike.Presence.Application", "src\services\presence\TelegramLike.Presence.Application\TelegramLike.Presence.Application.csproj", "{BE4AA631-9CE1-4A65-A1AB-DA902A4B21B1}"
EndProject
Project("{FAE04EC0-301F-11D3-BF4B-00C04F79EFBC}") = "TelegramLike.Presence.Infrastructure", "src\services\presence\TelegramLike.Presence.Infrastructure\TelegramLike.Presence.Infrastructure.csproj", "{0F234ED8-F098-4B80-8205-C4F41795C14A}"
EndProject
Project("{FAE04EC0-301F-11D3-BF4B-00C04F79EFBC}") = "TelegramLike.Presence.Api", "src\services\presence\TelegramLike.Presence.Api\TelegramLike.Presence.Api.csproj", "{DF2F4C17-03CD-430C-9D11-9F5AC43D6CC4}"
EndProject
Project("{FAE04EC0-301F-11D3-BF4B-00C04F79EFBC}") = "TelegramLike.Presence.Domain.Tests", "tests\TelegramLike.Presence.Domain.Tests\TelegramLike.Presence.Domain.Tests.csproj", "{41035181-3489-48E4-A8B5-C72EBEB94C3E}"
EndProject
Project("{FAE04EC0-301F-11D3-BF4B-00C04F79EFBC}") = "TelegramLike.Presence.Application.Tests", "tests\TelegramLike.Presence.Application.Tests\TelegramLike.Presence.Application.Tests.csproj", "{CB9128A1-F86E-4809-BF6B-3440F0FB628B}"
EndProject
Project("{FAE04EC0-301F-11D3-BF4B-00C04F79EFBC}") = "TelegramLike.Presence.Infrastructure.Tests", "tests\TelegramLike.Presence.Infrastructure.Tests\TelegramLike.Presence.Infrastructure.Tests.csproj", "{8931A227-7A24-445C-AE50-E4243CA053EC}"
EndProject
Project("{2150E333-8FDC-42A3-9474-1A3956D46DE8}") = "chats", "chats", "{29E5B6F1-D986-4813-AEBC-F79BFBCD3AD4}"
EndProject
Project("{FAE04EC0-301F-11D3-BF4B-00C04F79EFBC}") = "TelegramLike.Chats.Domain", "src\services\chats\TelegramLike.Chats.Domain\TelegramLike.Chats.Domain.csproj", "{0BF9D969-3864-41C7-99C8-8D3EAED57E5A}"
EndProject
Project("{FAE04EC0-301F-11D3-BF4B-00C04F79EFBC}") = "TelegramLike.Chats.Application", "src\services\chats\TelegramLike.Chats.Application\TelegramLike.Chats.Application.csproj", "{DC166B07-CFE8-4780-B081-DB1A48EE7C28}"
EndProject
Project("{FAE04EC0-301F-11D3-BF4B-00C04F79EFBC}") = "TelegramLike.Chats.Infrastructure", "src\services\chats\TelegramLike.Chats.Infrastructure\TelegramLike.Chats.Infrastructure.csproj", "{5969AAC2-BD53-4461-BE60-6E6A2CBB5F57}"
EndProject
Project("{FAE04EC0-301F-11D3-BF4B-00C04F79EFBC}") = "TelegramLike.Chats.Api", "src\services\chats\TelegramLike.Chats.Api\TelegramLike.Chats.Api.csproj", "{E6CB34BF-F480-4FE5-93BF-27AD3AF104D4}"
EndProject
Project("{2150E333-8FDC-42A3-9474-1A3956D46DE8}") = "messaging", "messaging", "{5F205A5E-E7FE-4CB1-A39D-FE57AD31AADB}"
EndProject
Project("{FAE04EC0-301F-11D3-BF4B-00C04F79EFBC}") = "TelegramLike.Messaging.Domain", "src\services\messaging\TelegramLike.Messaging.Domain\TelegramLike.Messaging.Domain.csproj", "{2DFDD504-2FC6-421D-B726-B83DDC1F9E89}"
EndProject
Project("{FAE04EC0-301F-11D3-BF4B-00C04F79EFBC}") = "TelegramLike.Messaging.Application", "src\services\messaging\TelegramLike.Messaging.Application\TelegramLike.Messaging.Application.csproj", "{6348849D-4903-47C3-B51F-F210CC425CC2}"
EndProject
Project("{FAE04EC0-301F-11D3-BF4B-00C04F79EFBC}") = "TelegramLike.Messaging.Infrastructure", "src\services\messaging\TelegramLike.Messaging.Infrastructure\TelegramLike.Messaging.Infrastructure.csproj", "{0AC13ADE-3C4D-4873-B4A8-97CD91F33423}"
EndProject
Project("{FAE04EC0-301F-11D3-BF4B-00C04F79EFBC}") = "TelegramLike.Messaging.Api", "src\services\messaging\TelegramLike.Messaging.Api\TelegramLike.Messaging.Api.csproj", "{E7E88B08-772E-4A94-9FA1-C3BE47C4C13F}"
EndProject
Project("{2150E333-8FDC-42A3-9474-1A3956D46DE8}") = "identity", "identity", "{7344DB11-C38E-C39B-9ED3-90DA46556DD9}"
EndProject
Project("{FAE04EC0-301F-11D3-BF4B-00C04F79EFBC}") = "TelegramLike.Identity.Domain", "src\services\identity\TelegramLike.Identity.Domain\TelegramLike.Identity.Domain.csproj", "{BA933134-FD8B-4BBA-BA5C-66D23BD641CD}"
EndProject
Project("{FAE04EC0-301F-11D3-BF4B-00C04F79EFBC}") = "TelegramLike.Identity.Application", "src\services\identity\TelegramLike.Identity.Application\TelegramLike.Identity.Application.csproj", "{2A3F4035-2B4B-4987-92BA-D1664A5E7C9D}"
EndProject
Project("{FAE04EC0-301F-11D3-BF4B-00C04F79EFBC}") = "TelegramLike.Identity.Infrastructure", "src\services\identity\TelegramLike.Identity.Infrastructure\TelegramLike.Identity.Infrastructure.csproj", "{664DFB6D-6CFB-4F09-8612-6080581900FC}"
EndProject
Project("{FAE04EC0-301F-11D3-BF4B-00C04F79EFBC}") = "TelegramLike.Identity.Api", "src\services\identity\TelegramLike.Identity.Api\TelegramLike.Identity.Api.csproj", "{3C9A454C-A6E8-4E5E-BA6F-2000B2B5B8ED}"
EndProject
Project("{FAE04EC0-301F-11D3-BF4B-00C04F79EFBC}") = "TelegramLike.Identity.Domain.Tests", "tests\TelegramLike.Identity.Domain.Tests\TelegramLike.Identity.Domain.Tests.csproj", "{2C577EC3-2DB7-4A8C-A2C1-992B430AB6FC}"
EndProject
Project("{FAE04EC0-301F-11D3-BF4B-00C04F79EFBC}") = "TelegramLike.Chats.Api.Tests", "tests\TelegramLike.Chats.Api.Tests\TelegramLike.Chats.Api.Tests.csproj", "{9BA310DF-61DF-4ED4-94D2-732239AACFAD}"
EndProject
Project("{FAE04EC0-301F-11D3-BF4B-00C04F79EFBC}") = "TelegramLike.Messaging.Api.Tests", "tests\TelegramLike.Messaging.Api.Tests\TelegramLike.Messaging.Api.Tests.csproj", "{497FC6C9-269B-4B1B-82B1-80FA3AAF9DB0}"
EndProject
Project("{2150E333-8FDC-42A3-9474-1A3956D46DE8}") = "gateway", "gateway", "{09CA69CC-E1B6-E968-C838-4C25174A3CC9}"
EndProject
Project("{FAE04EC0-301F-11D3-BF4B-00C04F79EFBC}") = "TelegramLike.Gateway", "src\gateway\TelegramLike.Gateway\TelegramLike.Gateway.csproj", "{0E5D1874-4D25-48EA-829F-D69757A1E8A4}"
EndProject
Project("{2150E333-8FDC-42A3-9474-1A3956D46DE8}") = "client", "client", "{3EC33606-262E-675F-D1B1-CC34E7594E70}"
EndProject
Project("{FAE04EC0-301F-11D3-BF4B-00C04F79EFBC}") = "TelegramLike.Client", "src\client\TelegramLike.Client\TelegramLike.Client.csproj", "{F6DCD8AB-0D6D-4F19-A663-79AAC5AE1A71}"
EndProject
Project("{2150E333-8FDC-42A3-9474-1A3956D46DE8}") = "realtime", "realtime", "{5451E514-38B1-1D90-75EF-9D2F9B063D08}"
EndProject
Project("{FAE04EC0-301F-11D3-BF4B-00C04F79EFBC}") = "TelegramLike.Realtime.Api", "src\services\realtime\TelegramLike.Realtime.Api\TelegramLike.Realtime.Api.csproj", "{E2AD5350-1330-4456-A49A-83683FBDDBAB}"
EndProject
Project("{FAE04EC0-301F-11D3-BF4B-00C04F79EFBC}") = "TelegramLike.Client.Tests", "tests\TelegramLike.Client.Tests\TelegramLike.Client.Tests.csproj", "{51F10037-DE78-4E23-86A9-3E09BA508824}"
EndProject
Project("{FAE04EC0-301F-11D3-BF4B-00C04F79EFBC}") = "TelegramLike.Realtime.Api.Tests", "tests\TelegramLike.Realtime.Api.Tests\TelegramLike.Realtime.Api.Tests.csproj", "{8C4B7C7B-98D7-47C3-A304-D8D117564117}"
EndProject
Global
	GlobalSection(SolutionConfigurationPlatforms) = preSolution
		Debug|Any CPU = Debug|Any CPU
		Debug|x64 = Debug|x64
		Debug|x86 = Debug|x86
		Release|Any CPU = Release|Any CPU
		Release|x64 = Release|x64
		Release|x86 = Release|x86
	EndGlobalSection
	GlobalSection(ProjectConfigurationPlatforms) = postSolution
		{50D4BCAC-5506-4095-94C3-428A47C9B7A6}.Debug|Any CPU.ActiveCfg = Debug|Any CPU
		{50D4BCAC-5506-4095-94C3-428A47C9B7A6}.Debug|Any CPU.Build.0 = Debug|Any CPU
		{50D4BCAC-5506-4095-94C3-428A47C9B7A6}.Debug|x64.ActiveCfg = Debug|Any CPU
		{50D4BCAC-5506-4095-94C3-428A47C9B7A6}.Debug|x64.Build.0 = Debug|Any CPU
		{50D4BCAC-5506-4095-94C3-428A47C9B7A6}.Debug|x86.ActiveCfg = Debug|Any CPU
		{50D4BCAC-5506-4095-94C3-428A47C9B7A6}.Debug|x86.Build.0 = Debug|Any CPU
		{50D4BCAC-5506-4095-94C3-428A47C9B7A6}.Release|Any CPU.ActiveCfg = Release|Any CPU
		{50D4BCAC-5506-4095-94C3-428A47C9B7A6}.Release|Any CPU.Build.0 = Release|Any CPU
		{50D4BCAC-5506-4095-94C3-428A47C9B7A6}.Release|x64.ActiveCfg = Release|Any CPU
		{50D4BCAC-5506-4095-94C3-428A47C9B7A6}.Release|x64.Build.0 = Release|Any CPU
		{50D4BCAC-5506-4095-94C3-428A47C9B7A6}.Release|x86.ActiveCfg = Release|Any CPU
		{50D4BCAC-5506-4095-94C3-428A47C9B7A6}.Release|x86.Build.0 = Release|Any CPU
		{F8E56F6F-51F9-4B12-97A0-9A2C795DCEE3}.Debug|Any CPU.ActiveCfg = Debug|Any CPU
		{F8E56F6F-51F9-4B12-97A0-9A2C795DCEE3}.Debug|Any CPU.Build.0 = Debug|Any CPU
		{F8E56F6F-51F9-4B12-97A0-9A2C795DCEE3}.Debug|x64.ActiveCfg = Debug|Any CPU
		{F8E56F6F-51F9-4B12-97A0-9A2C795DCEE3}.Debug|x64.Build.0 = Debug|Any CPU
		{F8E56F6F-51F9-4B12-97A0-9A2C795DCEE3}.Debug|x86.ActiveCfg = Debug|Any CPU
		{F8E56F6F-51F9-4B12-97A0-9A2C795DCEE3}.Debug|x86.Build.0 = Debug|Any CPU
		{F8E56F6F-51F9-4B12-97A0-9A2C795DCEE3}.Release|Any CPU.ActiveCfg = Release|Any CPU
		{F8E56F6F-51F9-4B12-97A0-9A2C795DCEE3}.Release|Any CPU.Build.0 = Release|Any CPU
		{F8E56F6F-51F9-4B12-97A0-9A2C795DCEE3}.Release|x64.ActiveCfg = Release|Any CPU
		{F8E56F6F-51F9-4B12-97A0-9A2C795DCEE3}.Release|x64.Build.0 = Release|Any CPU
		{F8E56F6F-51F9-4B12-97A0-9A2C795DCEE3}.Release|x86.ActiveCfg = Release|Any CPU
		{F8E56F6F-51F9-4B12-97A0-9A2C795DCEE3}.Release|x86.Build.0 = Release|Any CPU
		{9E87A4CD-F504-4666-B9AF-D6D73546B03C}.Debug|Any CPU.ActiveCfg = Debug|Any CPU
		{9E87A4CD-F504-4666-B9AF-D6D73546B03C}.Debug|Any CPU.Build.0 = Debug|Any CPU
		{9E87A4CD-F504-4666-B9AF-D6D73546B03C}.Debug|x64.ActiveCfg = Debug|Any CPU
		{9E87A4CD-F504-4666-B9AF-D6D73546B03C}.Debug|x64.Build.0 = Debug|Any CPU
		{9E87A4CD-F504-4666-B9AF-D6D73546B03C}.Debug|x86.ActiveCfg = Debug|Any CPU
		{9E87A4CD-F504-4666-B9AF-D6D73546B03C}.Debug|x86.Build.0 = Debug|Any CPU
		{9E87A4CD-F504-4666-B9AF-D6D73546B03C}.Release|Any CPU.ActiveCfg = Release|Any CPU
		{9E87A4CD-F504-4666-B9AF-D6D73546B03C}.Release|Any CPU.Build.0 = Release|Any CPU
		{9E87A4CD-F504-4666-B9AF-D6D73546B03C}.Release|x64.ActiveCfg = Release|Any CPU
		{9E87A4CD-F504-4666-B9AF-D6D73546B03C}.Release|x64.Build.0 = Release|Any CPU
		{9E87A4CD-F504-4666-B9AF-D6D73546B03C}.Release|x86.ActiveCfg = Release|Any CPU
		{9E87A4CD-F504-4666-B9AF-D6D73546B03C}.Release|x86.Build.0 = Release|Any CPU
		{52A21604-C0BF-4D23-82D8-E369AEDD227B}.Debug|Any CPU.ActiveCfg = Debug|Any CPU
		{52A21604-C0BF-4D23-82D8-E369AEDD227B}.Debug|Any CPU.Build.0 = Debug|Any CPU
		{52A21604-C0BF-4D23-82D8-E369AEDD227B}.Debug|x64.ActiveCfg = Debug|Any CPU
		{52A21604-C0BF-4D23-82D8-E369AEDD227B}.Debug|x64.Build.0 = Debug|Any CPU
		{52A21604-C0BF-4D23-82D8-E369AEDD227B}.Debug|x86.ActiveCfg = Debug|Any CPU
		{52A21604-C0BF-4D23-82D8-E369AEDD227B}.Debug|x86.Build.0 = Debug|Any CPU
		{52A21604-C0BF-4D23-82D8-E369AEDD227B}.Release|Any CPU.ActiveCfg = Release|Any CPU
		{52A21604-C0BF-4D23-82D8-E369AEDD227B}.Release|Any CPU.Build.0 = Release|Any CPU
		{52A21604-C0BF-4D23-82D8-E369AEDD227B}.Release|x64.ActiveCfg = Release|Any CPU
		{52A21604-C0BF-4D23-82D8-E369AEDD227B}.Release|x64.Build.0 = Release|Any CPU
		{52A21604-C0BF-4D23-82D8-E369AEDD227B}.Release|x86.ActiveCfg = Release|Any CPU
		{52A21604-C0BF-4D23-82D8-E369AEDD227B}.Release|x86.Build.0 = Release|Any CPU
		{2B8DA07C-ECC6-4D35-B212-F8F3BA7E2B1C}.Debug|Any CPU.ActiveCfg = Debug|Any CPU
		{2B8DA07C-ECC6-4D35-B212-F8F3BA7E2B1C}.Debug|Any CPU.Build.0 = Debug|Any CPU
		{2B8DA07C-ECC6-4D35-B212-F8F3BA7E2B1C}.Debug|x64.ActiveCfg = Debug|Any CPU
		{2B8DA07C-ECC6-4D35-B212-F8F3BA7E2B1C}.Debug|x64.Build.0 = Debug|Any CPU
		{2B8DA07C-ECC6-4D35-B212-F8F3BA7E2B1C}.Debug|x86.ActiveCfg = Debug|Any CPU
		{2B8DA07C-ECC6-4D35-B212-F8F3BA7E2B1C}.Debug|x86.Build.0 = Debug|Any CPU
		{2B8DA07C-ECC6-4D35-B212-F8F3BA7E2B1C}.Release|Any CPU.ActiveCfg = Release|Any CPU
		{2B8DA07C-ECC6-4D35-B212-F8F3BA7E2B1C}.Release|Any CPU.Build.0 = Release|Any CPU
		{2B8DA07C-ECC6-4D35-B212-F8F3BA7E2B1C}.Release|x64.ActiveCfg = Release|Any CPU
		{2B8DA07C-ECC6-4D35-B212-F8F3BA7E2B1C}.Release|x64.Build.0 = Release|Any CPU
		{2B8DA07C-ECC6-4D35-B212-F8F3BA7E2B1C}.Release|x86.ActiveCfg = Release|Any CPU
		{2B8DA07C-ECC6-4D35-B212-F8F3BA7E2B1C}.Release|x86.Build.0 = Release|Any CPU
		{FEDCDE2D-F611-4334-A989-667DB5AECC7C}.Debug|Any CPU.ActiveCfg = Debug|Any CPU
		{FEDCDE2D-F611-4334-A989-667DB5AECC7C}.Debug|Any CPU.Build.0 = Debug|Any CPU
		{FEDCDE2D-F611-4334-A989-667DB5AECC7C}.Debug|x64.ActiveCfg = Debug|Any CPU
		{FEDCDE2D-F611-4334-A989-667DB5AECC7C}.Debug|x64.Build.0 = Debug|Any CPU
		{FEDCDE2D-F611-4334-A989-667DB5AECC7C}.Debug|x86.ActiveCfg = Debug|Any CPU
		{FEDCDE2D-F611-4334-A989-667DB5AECC7C}.Debug|x86.Build.0 = Debug|Any CPU
		{FEDCDE2D-F611-4334-A989-667DB5AECC7C}.Release|Any CPU.ActiveCfg = Release|Any CPU
		{FEDCDE2D-F611-4334-A989-667DB5AECC7C}.Release|Any CPU.Build.0 = Release|Any CPU
		{FEDCDE2D-F611-4334-A989-667DB5AECC7C}.Release|x64.ActiveCfg = Release|Any CPU
		{FEDCDE2D-F611-4334-A989-667DB5AECC7C}.Release|x64.Build.0 = Release|Any CPU
		{FEDCDE2D-F611-4334-A989-667DB5AECC7C}.Release|x86.ActiveCfg = Release|Any CPU
		{FEDCDE2D-F611-4334-A989-667DB5AECC7C}.Release|x86.Build.0 = Release|Any CPU
		{20C062B7-6124-4306-968F-F7BCC5C8B4FA}.Debug|Any CPU.ActiveCfg = Debug|Any CPU
		{20C062B7-6124-4306-968F-F7BCC5C8B4FA}.Debug|Any CPU.Build.0 = Debug|Any CPU
		{20C062B7-6124-4306-968F-F7BCC5C8B4FA}.Debug|x64.ActiveCfg = Debug|Any CPU
		{20C062B7-6124-4306-968F-F7BCC5C8B4FA}.Debug|x64.Build.0 = Debug|Any CPU
		{20C062B7-6124-4306-968F-F7BCC5C8B4FA}.Debug|x86.ActiveCfg = Debug|Any CPU
		{20C062B7-6124-4306-968F-F7BCC5C8B4FA}.Debug|x86.Build.0 = Debug|Any CPU
		{20C062B7-6124-4306-968F-F7BCC5C8B4FA}.Release|Any CPU.ActiveCfg = Release|Any CPU
		{20C062B7-6124-4306-968F-F7BCC5C8B4FA}.Release|Any CPU.Build.0 = Release|Any CPU
		{20C062B7-6124-4306-968F-F7BCC5C8B4FA}.Release|x64.ActiveCfg = Release|Any CPU
		{20C062B7-6124-4306-968F-F7BCC5C8B4FA}.Release|x64.Build.0 = Release|Any CPU
		{20C062B7-6124-4306-968F-F7BCC5C8B4FA}.Release|x86.ActiveCfg = Release|Any CPU
		{20C062B7-6124-4306-968F-F7BCC5C8B4FA}.Release|x86.Build.0 = Release|Any CPU
		{A1680A74-9096-42D9-BE75-9A38440B46F9}.Debug|Any CPU.ActiveCfg = Debug|Any CPU
		{A1680A74-9096-42D9-BE75-9A38440B46F9}.Debug|Any CPU.Build.0 = Debug|Any CPU
		{A1680A74-9096-42D9-BE75-9A38440B46F9}.Debug|x64.ActiveCfg = Debug|Any CPU
		{A1680A74-9096-42D9-BE75-9A38440B46F9}.Debug|x64.Build.0 = Debug|Any CPU
		{A1680A74-9096-42D9-BE75-9A38440B46F9}.Debug|x86.ActiveCfg = Debug|Any CPU
		{A1680A74-9096-42D9-BE75-9A38440B46F9}.Debug|x86.Build.0 = Debug|Any CPU
		{A1680A74-9096-42D9-BE75-9A38440B46F9}.Release|Any CPU.ActiveCfg = Release|Any CPU
		{A1680A74-9096-42D9-BE75-9A38440B46F9}.Release|Any CPU.Build.0 = Release|Any CPU
		{A1680A74-9096-42D9-BE75-9A38440B46F9}.Release|x64.ActiveCfg = Release|Any CPU
		{A1680A74-9096-42D9-BE75-9A38440B46F9}.Release|x64.Build.0 = Release|Any CPU
		{A1680A74-9096-42D9-BE75-9A38440B46F9}.Release|x86.ActiveCfg = Release|Any CPU
		{A1680A74-9096-42D9-BE75-9A38440B46F9}.Release|x86.Build.0 = Release|Any CPU
		{27C669AC-90E8-4F6F-B84C-41E6EFF03B62}.Debug|Any CPU.ActiveCfg = Debug|Any CPU
		{27C669AC-90E8-4F6F-B84C-41E6EFF03B62}.Debug|Any CPU.Build.0 = Debug|Any CPU
		{27C669AC-90E8-4F6F-B84C-41E6EFF03B62}.Debug|x64.ActiveCfg = Debug|Any CPU
		{27C669AC-90E8-4F6F-B84C-41E6EFF03B62}.Debug|x64.Build.0 = Debug|Any CPU
		{27C669AC-90E8-4F6F-B84C-41E6EFF03B62}.Debug|x86.ActiveCfg = Debug|Any CPU
		{27C669AC-90E8-4F6F-B84C-41E6EFF03B62}.Debug|x86.Build.0 = Debug|Any CPU
		{27C669AC-90E8-4F6F-B84C-41E6EFF03B62}.Release|Any CPU.ActiveCfg = Release|Any CPU
		{27C669AC-90E8-4F6F-B84C-41E6EFF03B62}.Release|Any CPU.Build.0 = Release|Any CPU
		{27C669AC-90E8-4F6F-B84C-41E6EFF03B62}.Release|x64.ActiveCfg = Release|Any CPU
		{27C669AC-90E8-4F6F-B84C-41E6EFF03B62}.Release|x64.Build.0 = Release|Any CPU
		{27C669AC-90E8-4F6F-B84C-41E6EFF03B62}.Release|x86.ActiveCfg = Release|Any CPU
		{27C669AC-90E8-4F6F-B84C-41E6EFF03B62}.Release|x86.Build.0 = Release|Any CPU
		{0FA07131-0E56-4571-94B1-DBE15B7AB8DD}.Debug|Any CPU.ActiveCfg = Debug|Any CPU
		{0FA07131-0E56-4571-94B1-DBE15B7AB8DD}.Debug|Any CPU.Build.0 = Debug|Any CPU
		{0FA07131-0E56-4571-94B1-DBE15B7AB8DD}.Debug|x64.ActiveCfg = Debug|Any CPU
		{0FA07131-0E56-4571-94B1-DBE15B7AB8DD}.Debug|x64.Build.0 = Debug|Any CPU
		{0FA07131-0E56-4571-94B1-DBE15B7AB8DD}.Debug|x86.ActiveCfg = Debug|Any CPU
		{0FA07131-0E56-4571-94B1-DBE15B7AB8DD}.Debug|x86.Build.0 = Debug|Any CPU
		{0FA07131-0E56-4571-94B1-DBE15B7AB8DD}.Release|Any CPU.ActiveCfg = Release|Any CPU
		{0FA07131-0E56-4571-94B1-DBE15B7AB8DD}.Release|Any CPU.Build.0 = Release|Any CPU
		{0FA07131-0E56-4571-94B1-DBE15B7AB8DD}.Release|x64.ActiveCfg = Release|Any CPU
		{0FA07131-0E56-4571-94B1-DBE15B7AB8DD}.Release|x64.Build.0 = Release|Any CPU
		{0FA07131-0E56-4571-94B1-DBE15B7AB8DD}.Release|x86.ActiveCfg = Release|Any CPU
		{0FA07131-0E56-4571-94B1-DBE15B7AB8DD}.Release|x86.Build.0 = Release|Any CPU
		{BE4AA631-9CE1-4A65-A1AB-DA902A4B21B1}.Debug|Any CPU.ActiveCfg = Debug|Any CPU
		{BE4AA631-9CE1-4A65-A1AB-DA902A4B21B1}.Debug|Any CPU.Build.0 = Debug|Any CPU
		{BE4AA631-9CE1-4A65-A1AB-DA902A4B21B1}.Debug|x64.ActiveCfg = Debug|Any CPU
		{BE4AA631-9CE1-4A65-A1AB-DA902A4B21B1}.Debug|x64.Build.0 = Debug|Any CPU
		{BE4AA631-9CE1-4A65-A1AB-DA902A4B21B1}.Debug|x86.ActiveCfg = Debug|Any CPU
		{BE4AA631-9CE1-4A65-A1AB-DA902A4B21B1}.Debug|x86.Build.0 = Debug|Any CPU
		{BE4AA631-9CE1-4A65-A1AB-DA902A4B21B1}.Release|Any CPU.ActiveCfg = Release|Any CPU
		{BE4AA631-9CE1-4A65-A1AB-DA902A4B21B1}.Release|Any CPU.Build.0 = Release|Any CPU
		{BE4AA631-9CE1-4A65-A1AB-DA902A4B21B1}.Release|x64.ActiveCfg = Release|Any CPU
		{BE4AA631-9CE1-4A65-A1AB-DA902A4B21B1}.Release|x64.Build.0 = Release|Any CPU
		{BE4AA631-9CE1-4A65-A1AB-DA902A4B21B1}.Release|x86.ActiveCfg = Release|Any CPU
		{BE4AA631-9CE1-4A65-A1AB-DA902A4B21B1}.Release|x86.Build.0 = Release|Any CPU
		{0F234ED8-F098-4B80-8205-C4F41795C14A}.Debug|Any CPU.ActiveCfg = Debug|Any CPU
		{0F234ED8-F098-4B80-8205-C4F41795C14A}.Debug|Any CPU.Build.0 = Debug|Any CPU
		{0F234ED8-F098-4B80-8205-C4F41795C14A}.Debug|x64.ActiveCfg = Debug|Any CPU
		{0F234ED8-F098-4B80-8205-C4F41795C14A}.Debug|x64.Build.0 = Debug|Any CPU
		{0F234ED8-F098-4B80-8205-C4F41795C14A}.Debug|x86.ActiveCfg = Debug|Any CPU
		{0F234ED8-F098-4B80-8205-C4F41795C14A}.Debug|x86.Build.0 = Debug|Any CPU
		{0F234ED8-F098-4B80-8205-C4F41795C14A}.Release|Any CPU.ActiveCfg = Release|Any CPU
		{0F234ED8-F098-4B80-8205-C4F41795C14A}.Release|Any CPU.Build.0 = Release|Any CPU
		{0F234ED8-F098-4B80-8205-C4F41795C14A}.Release|x64.ActiveCfg = Release|Any CPU
		{0F234ED8-F098-4B80-8205-C4F41795C14A}.Release|x64.Build.0 = Release|Any CPU
		{0F234ED8-F098-4B80-8205-C4F41795C14A}.Release|x86.ActiveCfg = Release|Any CPU
		{0F234ED8-F098-4B80-8205-C4F41795C14A}.Release|x86.Build.0 = Release|Any CPU
		{DF2F4C17-03CD-430C-9D11-9F5AC43D6CC4}.Debug|Any CPU.ActiveCfg = Debug|Any CPU
		{DF2F4C17-03CD-430C-9D11-9F5AC43D6CC4}.Debug|Any CPU.Build.0 = Debug|Any CPU
		{DF2F4C17-03CD-430C-9D11-9F5AC43D6CC4}.Debug|x64.ActiveCfg = Debug|Any CPU
		{DF2F4C17-03CD-430C-9D11-9F5AC43D6CC4}.Debug|x64.Build.0 = Debug|Any CPU
		{DF2F4C17-03CD-430C-9D11-9F5AC43D6CC4}.Debug|x86.ActiveCfg = Debug|Any CPU
		{DF2F4C17-03CD-430C-9D11-9F5AC43D6CC4}.Debug|x86.Build.0 = Debug|Any CPU
		{DF2F4C17-03CD-430C-9D11-9F5AC43D6CC4}.Release|Any CPU.ActiveCfg = Release|Any CPU
		{DF2F4C17-03CD-430C-9D11-9F5AC43D6CC4}.Release|Any CPU.Build.0 = Release|Any CPU
		{DF2F4C17-03CD-430C-9D11-9F5AC43D6CC4}.Release|x64.ActiveCfg = Release|Any CPU
		{DF2F4C17-03CD-430C-9D11-9F5AC43D6CC4}.Release|x64.Build.0 = Release|Any CPU
		{DF2F4C17-03CD-430C-9D11-9F5AC43D6CC4}.Release|x86.ActiveCfg = Release|Any CPU
		{DF2F4C17-03CD-430C-9D11-9F5AC43D6CC4}.Release|x86.Build.0 = Release|Any CPU
		{41035181-3489-48E4-A8B5-C72EBEB94C3E}.Debug|Any CPU.ActiveCfg = Debug|Any CPU
		{41035181-3489-48E4-A8B5-C72EBEB94C3E}.Debug|Any CPU.Build.0 = Debug|Any CPU
		{41035181-3489-48E4-A8B5-C72EBEB94C3E}.Debug|x64.ActiveCfg = Debug|Any CPU
		{41035181-3489-48E4-A8B5-C72EBEB94C3E}.Debug|x64.Build.0 = Debug|Any CPU
		{41035181-3489-48E4-A8B5-C72EBEB94C3E}.Debug|x86.ActiveCfg = Debug|Any CPU
		{41035181-3489-48E4-A8B5-C72EBEB94C3E}.Debug|x86.Build.0 = Debug|Any CPU
		{41035181-3489-48E4-A8B5-C72EBEB94C3E}.Release|Any CPU.ActiveCfg = Release|Any CPU
		{41035181-3489-48E4-A8B5-C72EBEB94C3E}.Release|Any CPU.Build.0 = Release|Any CPU
		{41035181-3489-48E4-A8B5-C72EBEB94C3E}.Release|x64.ActiveCfg = Release|Any CPU
		{41035181-3489-48E4-A8B5-C72EBEB94C3E}.Release|x64.Build.0 = Release|Any CPU
		{41035181-3489-48E4-A8B5-C72EBEB94C3E}.Release|x86.ActiveCfg = Release|Any CPU
		{41035181-3489-48E4-A8B5-C72EBEB94C3E}.Release|x86.Build.0 = Release|Any CPU
		{CB9128A1-F86E-4809-BF6B-3440F0FB628B}.Debug|Any CPU.ActiveCfg = Debug|Any CPU
		{CB9128A1-F86E-4809-BF6B-3440F0FB628B}.Debug|Any CPU.Build.0 = Debug|Any CPU
		{CB9128A1-F86E-4809-BF6B-3440F0FB628B}.Debug|x64.ActiveCfg = Debug|Any CPU
		{CB9128A1-F86E-4809-BF6B-3440F0FB628B}.Debug|x64.Build.0 = Debug|Any CPU
		{CB9128A1-F86E-4809-BF6B-3440F0FB628B}.Debug|x86.ActiveCfg = Debug|Any CPU
		{CB9128A1-F86E-4809-BF6B-3440F0FB628B}.Debug|x86.Build.0 = Debug|Any CPU
		{CB9128A1-F86E-4809-BF6B-3440F0FB628B}.Release|Any CPU.ActiveCfg = Release|Any CPU
		{CB9128A1-F86E-4809-BF6B-3440F0FB628B}.Release|Any CPU.Build.0 = Release|Any CPU
		{CB9128A1-F86E-4809-BF6B-3440F0FB628B}.Release|x64.ActiveCfg = Release|Any CPU
		{CB9128A1-F86E-4809-BF6B-3440F0FB628B}.Release|x64.Build.0 = Release|Any CPU
		{CB9128A1-F86E-4809-BF6B-3440F0FB628B}.Release|x86.ActiveCfg = Release|Any CPU
		{CB9128A1-F86E-4809-BF6B-3440F0FB628B}.Release|x86.Build.0 = Release|Any CPU
		{8931A227-7A24-445C-AE50-E4243CA053EC}.Debug|Any CPU.ActiveCfg = Debug|Any CPU
		{8931A227-7A24-445C-AE50-E4243CA053EC}.Debug|Any CPU.Build.0 = Debug|Any CPU
		{8931A227-7A24-445C-AE50-E4243CA053EC}.Debug|x64.ActiveCfg = Debug|Any CPU
		{8931A227-7A24-445C-AE50-E4243CA053EC}.Debug|x64.Build.0 = Debug|Any CPU
		{8931A227-7A24-445C-AE50-E4243CA053EC}.Debug|x86.ActiveCfg = Debug|Any CPU
		{8931A227-7A24-445C-AE50-E4243CA053EC}.Debug|x86.Build.0 = Debug|Any CPU
		{8931A227-7A24-445C-AE50-E4243CA053EC}.Release|Any CPU.ActiveCfg = Release|Any CPU
		{8931A227-7A24-445C-AE50-E4243CA053EC}.Release|Any CPU.Build.0 = Release|Any CPU
		{8931A227-7A24-445C-AE50-E4243CA053EC}.Release|x64.ActiveCfg = Release|Any CPU
		{8931A227-7A24-445C-AE50-E4243CA053EC}.Release|x64.Build.0 = Release|Any CPU
		{8931A227-7A24-445C-AE50-E4243CA053EC}.Release|x86.ActiveCfg = Release|Any CPU
		{8931A227-7A24-445C-AE50-E4243CA053EC}.Release|x86.Build.0 = Release|Any CPU
		{0BF9D969-3864-41C7-99C8-8D3EAED57E5A}.Debug|Any CPU.ActiveCfg = Debug|Any CPU
		{0BF9D969-3864-41C7-99C8-8D3EAED57E5A}.Debug|Any CPU.Build.0 = Debug|Any CPU
		{0BF9D969-3864-41C7-99C8-8D3EAED57E5A}.Debug|x64.ActiveCfg = Debug|Any CPU
		{0BF9D969-3864-41C7-99C8-8D3EAED57E5A}.Debug|x64.Build.0 = Debug|Any CPU
		{0BF9D969-3864-41C7-99C8-8D3EAED57E5A}.Debug|x86.ActiveCfg = Debug|Any CPU
		{0BF9D969-3864-41C7-99C8-8D3EAED57E5A}.Debug|x86.Build.0 = Debug|Any CPU
		{0BF9D969-3864-41C7-99C8-8D3EAED57E5A}.Release|Any CPU.ActiveCfg = Release|Any CPU
		{0BF9D969-3864-41C7-99C8-8D3EAED57E5A}.Release|Any CPU.Build.0 = Release|Any CPU
		{0BF9D969-3864-41C7-99C8-8D3EAED57E5A}.Release|x64.ActiveCfg = Release|Any CPU
		{0BF9D969-3864-41C7-99C8-8D3EAED57E5A}.Release|x64.Build.0 = Release|Any CPU
		{0BF9D969-3864-41C7-99C8-8D3EAED57E5A}.Release|x86.ActiveCfg = Release|Any CPU
		{0BF9D969-3864-41C7-99C8-8D3EAED57E5A}.Release|x86.Build.0 = Release|Any CPU
		{DC166B07-CFE8-4780-B081-DB1A48EE7C28}.Debug|Any CPU.ActiveCfg = Debug|Any CPU
		{DC166B07-CFE8-4780-B081-DB1A48EE7C28}.Debug|Any CPU.Build.0 = Debug|Any CPU
		{DC166B07-CFE8-4780-B081-DB1A48EE7C28}.Debug|x64.ActiveCfg = Debug|Any CPU
		{DC166B07-CFE8-4780-B081-DB1A48EE7C28}.Debug|x64.Build.0 = Debug|Any CPU
		{DC166B07-CFE8-4780-B081-DB1A48EE7C28}.Debug|x86.ActiveCfg = Debug|Any CPU
		{DC166B07-CFE8-4780-B081-DB1A48EE7C28}.Debug|x86.Build.0 = Debug|Any CPU
		{DC166B07-CFE8-4780-B081-DB1A48EE7C28}.Release|Any CPU.ActiveCfg = Release|Any CPU
		{DC166B07-CFE8-4780-B081-DB1A48EE7C28}.Release|Any CPU.Build.0 = Release|Any CPU
		{DC166B07-CFE8-4780-B081-DB1A48EE7C28}.Release|x64.ActiveCfg = Release|Any CPU
		{DC166B07-CFE8-4780-B081-DB1A48EE7C28}.Release|x64.Build.0 = Release|Any CPU
		{DC166B07-CFE8-4780-B081-DB1A48EE7C28}.Release|x86.ActiveCfg = Release|Any CPU
		{DC166B07-CFE8-4780-B081-DB1A48EE7C28}.Release|x86.Build.0 = Release|Any CPU
		{5969AAC2-BD53-4461-BE60-6E6A2CBB5F57}.Debug|Any CPU.ActiveCfg = Debug|Any CPU
		{5969AAC2-BD53-4461-BE60-6E6A2CBB5F57}.Debug|Any CPU.Build.0 = Debug|Any CPU
		{5969AAC2-BD53-4461-BE60-6E6A2CBB5F57}.Debug|x64.ActiveCfg = Debug|Any CPU
		{5969AAC2-BD53-4461-BE60-6E6A2CBB5F57}.Debug|x64.Build.0 = Debug|Any CPU
		{5969AAC2-BD53-4461-BE60-6E6A2CBB5F57}.Debug|x86.ActiveCfg = Debug|Any CPU
		{5969AAC2-BD53-4461-BE60-6E6A2CBB5F57}.Debug|x86.Build.0 = Debug|Any CPU
		{5969AAC2-BD53-4461-BE60-6E6A2CBB5F57}.Release|Any CPU.ActiveCfg = Release|Any CPU
		{5969AAC2-BD53-4461-BE60-6E6A2CBB5F57}.Release|Any CPU.Build.0 = Release|Any CPU
		{5969AAC2-BD53-4461-BE60-6E6A2CBB5F57}.Release|x64.ActiveCfg = Release|Any CPU
		{5969AAC2-BD53-4461-BE60-6E6A2CBB5F57}.Release|x64.Build.0 = Release|Any CPU
		{5969AAC2-BD53-4461-BE60-6E6A2CBB5F57}.Release|x86.ActiveCfg = Release|Any CPU
		{5969AAC2-BD53-4461-BE60-6E6A2CBB5F57}.Release|x86.Build.0 = Release|Any CPU
		{E6CB34BF-F480-4FE5-93BF-27AD3AF104D4}.Debug|Any CPU.ActiveCfg = Debug|Any CPU
		{E6CB34BF-F480-4FE5-93BF-27AD3AF104D4}.Debug|Any CPU.Build.0 = Debug|Any CPU
		{E6CB34BF-F480-4FE5-93BF-27AD3AF104D4}.Debug|x64.ActiveCfg = Debug|Any CPU
		{E6CB34BF-F480-4FE5-93BF-27AD3AF104D4}.Debug|x64.Build.0 = Debug|Any CPU
		{E6CB34BF-F480-4FE5-93BF-27AD3AF104D4}.Debug|x86.ActiveCfg = Debug|Any CPU
		{E6CB34BF-F480-4FE5-93BF-27AD3AF104D4}.Debug|x86.Build.0 = Debug|Any CPU
		{E6CB34BF-F480-4FE5-93BF-27AD3AF104D4}.Release|Any CPU.ActiveCfg = Release|Any CPU
		{E6CB34BF-F480-4FE5-93BF-27AD3AF104D4}.Release|Any CPU.Build.0 = Release|Any CPU
		{E6CB34BF-F480-4FE5-93BF-27AD3AF104D4}.Release|x64.ActiveCfg = Release|Any CPU
		{E6CB34BF-F480-4FE5-93BF-27AD3AF104D4}.Release|x64.Build.0 = Release|Any CPU
		{E6CB34BF-F480-4FE5-93BF-27AD3AF104D4}.Release|x86.ActiveCfg = Release|Any CPU
		{E6CB34BF-F480-4FE5-93BF-27AD3AF104D4}.Release|x86.Build.0 = Release|Any CPU
		{2DFDD504-2FC6-421D-B726-B83DDC1F9E89}.Debug|Any CPU.ActiveCfg = Debug|Any CPU
		{2DFDD504-2FC6-421D-B726-B83DDC1F9E89}.Debug|Any CPU.Build.0 = Debug|Any CPU
		{2DFDD504-2FC6-421D-B726-B83DDC1F9E89}.Debug|x64.ActiveCfg = Debug|Any CPU
		{2DFDD504-2FC6-421D-B726-B83DDC1F9E89}.Debug|x64.Build.0 = Debug|Any CPU
		{2DFDD504-2FC6-421D-B726-B83DDC1F9E89}.Debug|x86.ActiveCfg = Debug|Any CPU
		{2DFDD504-2FC6-421D-B726-B83DDC1F9E89}.Debug|x86.Build.0 = Debug|Any CPU
		{2DFDD504-2FC6-421D-B726-B83DDC1F9E89}.Release|Any CPU.ActiveCfg = Release|Any CPU
		{2DFDD504-2FC6-421D-B726-B83DDC1F9E89}.Release|Any CPU.Build.0 = Release|Any CPU
		{2DFDD504-2FC6-421D-B726-B83DDC1F9E89}.Release|x64.ActiveCfg = Release|Any CPU
		{2DFDD504-2FC6-421D-B726-B83DDC1F9E89}.Release|x64.Build.0 = Release|Any CPU
		{2DFDD504-2FC6-421D-B726-B83DDC1F9E89}.Release|x86.ActiveCfg = Release|Any CPU
		{2DFDD504-2FC6-421D-B726-B83DDC1F9E89}.Release|x86.Build.0 = Release|Any CPU
		{6348849D-4903-47C3-B51F-F210CC425CC2}.Debug|Any CPU.ActiveCfg = Debug|Any CPU
		{6348849D-4903-47C3-B51F-F210CC425CC2}.Debug|Any CPU.Build.0 = Debug|Any CPU
		{6348849D-4903-47C3-B51F-F210CC425CC2}.Debug|x64.ActiveCfg = Debug|Any CPU
		{6348849D-4903-47C3-B51F-F210CC425CC2}.Debug|x64.Build.0 = Debug|Any CPU
		{6348849D-4903-47C3-B51F-F210CC425CC2}.Debug|x86.ActiveCfg = Debug|Any CPU
		{6348849D-4903-47C3-B51F-F210CC425CC2}.Debug|x86.Build.0 = Debug|Any CPU
		{6348849D-4903-47C3-B51F-F210CC425CC2}.Release|Any CPU.ActiveCfg = Release|Any CPU
		{6348849D-4903-47C3-B51F-F210CC425CC2}.Release|Any CPU.Build.0 = Release|Any CPU
		{6348849D-4903-47C3-B51F-F210CC425CC2}.Release|x64.ActiveCfg = Release|Any CPU
		{6348849D-4903-47C3-B51F-F210CC425CC2}.Release|x64.Build.0 = Release|Any CPU
		{6348849D-4903-47C3-B51F-F210CC425CC2}.Release|x86.ActiveCfg = Release|Any CPU
		{6348849D-4903-47C3-B51F-F210CC425CC2}.Release|x86.Build.0 = Release|Any CPU
		{0AC13ADE-3C4D-4873-B4A8-97CD91F33423}.Debug|Any CPU.ActiveCfg = Debug|Any CPU
		{0AC13ADE-3C4D-4873-B4A8-97CD91F33423}.Debug|Any CPU.Build.0 = Debug|Any CPU
		{0AC13ADE-3C4D-4873-B4A8-97CD91F33423}.Debug|x64.ActiveCfg = Debug|Any CPU
		{0AC13ADE-3C4D-4873-B4A8-97CD91F33423}.Debug|x64.Build.0 = Debug|Any CPU
		{0AC13ADE-3C4D-4873-B4A8-97CD91F33423}.Debug|x86.ActiveCfg = Debug|Any CPU
		{0AC13ADE-3C4D-4873-B4A8-97CD91F33423}.Debug|x86.Build.0 = Debug|Any CPU
		{0AC13ADE-3C4D-4873-B4A8-97CD91F33423}.Release|Any CPU.ActiveCfg = Release|Any CPU
		{0AC13ADE-3C4D-4873-B4A8-97CD91F33423}.Release|Any CPU.Build.0 = Release|Any CPU
		{0AC13ADE-3C4D-4873-B4A8-97CD91F33423}.Release|x64.ActiveCfg = Release|Any CPU
		{0AC13ADE-3C4D-4873-B4A8-97CD91F33423}.Release|x64.Build.0 = Release|Any CPU
		{0AC13ADE-3C4D-4873-B4A8-97CD91F33423}.Release|x86.ActiveCfg = Release|Any CPU
		{0AC13ADE-3C4D-4873-B4A8-97CD91F33423}.Release|x86.Build.0 = Release|Any CPU
		{E7E88B08-772E-4A94-9FA1-C3BE47C4C13F}.Debug|Any CPU.ActiveCfg = Debug|Any CPU
		{E7E88B08-772E-4A94-9FA1-C3BE47C4C13F}.Debug|Any CPU.Build.0 = Debug|Any CPU
		{E7E88B08-772E-4A94-9FA1-C3BE47C4C13F}.Debug|x64.ActiveCfg = Debug|Any CPU
		{E7E88B08-772E-4A94-9FA1-C3BE47C4C13F}.Debug|x64.Build.0 = Debug|Any CPU
		{E7E88B08-772E-4A94-9FA1-C3BE47C4C13F}.Debug|x86.ActiveCfg = Debug|Any CPU
		{E7E88B08-772E-4A94-9FA1-C3BE47C4C13F}.Debug|x86.Build.0 = Debug|Any CPU
		{E7E88B08-772E-4A94-9FA1-C3BE47C4C13F}.Release|Any CPU.ActiveCfg = Release|Any CPU
		{E7E88B08-772E-4A94-9FA1-C3BE47C4C13F}.Release|Any CPU.Build.0 = Release|Any CPU
		{E7E88B08-772E-4A94-9FA1-C3BE47C4C13F}.Release|x64.ActiveCfg = Release|Any CPU
		{E7E88B08-772E-4A94-9FA1-C3BE47C4C13F}.Release|x64.Build.0 = Release|Any CPU
		{E7E88B08-772E-4A94-9FA1-C3BE47C4C13F}.Release|x86.ActiveCfg = Release|Any CPU
		{E7E88B08-772E-4A94-9FA1-C3BE47C4C13F}.Release|x86.Build.0 = Release|Any CPU
		{BA933134-FD8B-4BBA-BA5C-66D23BD641CD}.Debug|Any CPU.ActiveCfg = Debug|Any CPU
		{BA933134-FD8B-4BBA-BA5C-66D23BD641CD}.Debug|Any CPU.Build.0 = Debug|Any CPU
		{BA933134-FD8B-4BBA-BA5C-66D23BD641CD}.Debug|x64.ActiveCfg = Debug|Any CPU
		{BA933134-FD8B-4BBA-BA5C-66D23BD641CD}.Debug|x64.Build.0 = Debug|Any CPU
		{BA933134-FD8B-4BBA-BA5C-66D23BD641CD}.Debug|x86.ActiveCfg = Debug|Any CPU
		{BA933134-FD8B-4BBA-BA5C-66D23BD641CD}.Debug|x86.Build.0 = Debug|Any CPU
		{BA933134-FD8B-4BBA-BA5C-66D23BD641CD}.Release|Any CPU.ActiveCfg = Release|Any CPU
		{BA933134-FD8B-4BBA-BA5C-66D23BD641CD}.Release|Any CPU.Build.0 = Release|Any CPU
		{BA933134-FD8B-4BBA-BA5C-66D23BD641CD}.Release|x64.ActiveCfg = Release|Any CPU
		{BA933134-FD8B-4BBA-BA5C-66D23BD641CD}.Release|x64.Build.0 = Release|Any CPU
		{BA933134-FD8B-4BBA-BA5C-66D23BD641CD}.Release|x86.ActiveCfg = Release|Any CPU
		{BA933134-FD8B-4BBA-BA5C-66D23BD641CD}.Release|x86.Build.0 = Release|Any CPU
		{2A3F4035-2B4B-4987-92BA-D1664A5E7C9D}.Debug|Any CPU.ActiveCfg = Debug|Any CPU
		{2A3F4035-2B4B-4987-92BA-D1664A5E7C9D}.Debug|Any CPU.Build.0 = Debug|Any CPU
		{2A3F4035-2B4B-4987-92BA-D1664A5E7C9D}.Debug|x64.ActiveCfg = Debug|Any CPU
		{2A3F4035-2B4B-4987-92BA-D1664A5E7C9D}.Debug|x64.Build.0 = Debug|Any CPU
		{2A3F4035-2B4B-4987-92BA-D1664A5E7C9D}.Debug|x86.ActiveCfg = Debug|Any CPU
		{2A3F4035-2B4B-4987-92BA-D1664A5E7C9D}.Debug|x86.Build.0 = Debug|Any CPU
		{2A3F4035-2B4B-4987-92BA-D1664A5E7C9D}.Release|Any CPU.ActiveCfg = Release|Any CPU
		{2A3F4035-2B4B-4987-92BA-D1664A5E7C9D}.Release|Any CPU.Build.0 = Release|Any CPU
		{2A3F4035-2B4B-4987-92BA-D1664A5E7C9D}.Release|x64.ActiveCfg = Release|Any CPU
		{2A3F4035-2B4B-4987-92BA-D1664A5E7C9D}.Release|x64.Build.0 = Release|Any CPU
		{2A3F4035-2B4B-4987-92BA-D1664A5E7C9D}.Release|x86.ActiveCfg = Release|Any CPU
		{2A3F4035-2B4B-4987-92BA-D1664A5E7C9D}.Release|x86.Build.0 = Release|Any CPU
		{664DFB6D-6CFB-4F09-8612-6080581900FC}.Debug|Any CPU.ActiveCfg = Debug|Any CPU
		{664DFB6D-6CFB-4F09-8612-6080581900FC}.Debug|Any CPU.Build.0 = Debug|Any CPU
		{664DFB6D-6CFB-4F09-8612-6080581900FC}.Debug|x64.ActiveCfg = Debug|Any CPU
		{664DFB6D-6CFB-4F09-8612-6080581900FC}.Debug|x64.Build.0 = Debug|Any CPU
		{664DFB6D-6CFB-4F09-8612-6080581900FC}.Debug|x86.ActiveCfg = Debug|Any CPU
		{664DFB6D-6CFB-4F09-8612-6080581900FC}.Debug|x86.Build.0 = Debug|Any CPU
		{664DFB6D-6CFB-4F09-8612-6080581900FC}.Release|Any CPU.ActiveCfg = Release|Any CPU
		{664DFB6D-6CFB-4F09-8612-6080581900FC}.Release|Any CPU.Build.0 = Release|Any CPU
		{664DFB6D-6CFB-4F09-8612-6080581900FC}.Release|x64.ActiveCfg = Release|Any CPU
		{664DFB6D-6CFB-4F09-8612-6080581900FC}.Release|x64.Build.0 = Release|Any CPU
		{664DFB6D-6CFB-4F09-8612-6080581900FC}.Release|x86.ActiveCfg = Release|Any CPU
		{664DFB6D-6CFB-4F09-8612-6080581900FC}.Release|x86.Build.0 = Release|Any CPU
		{3C9A454C-A6E8-4E5E-BA6F-2000B2B5B8ED}.Debug|Any CPU.ActiveCfg = Debug|Any CPU
		{3C9A454C-A6E8-4E5E-BA6F-2000B2B5B8ED}.Debug|Any CPU.Build.0 = Debug|Any CPU
		{3C9A454C-A6E8-4E5E-BA6F-2000B2B5B8ED}.Debug|x64.ActiveCfg = Debug|Any CPU
		{3C9A454C-A6E8-4E5E-BA6F-2000B2B5B8ED}.Debug|x64.Build.0 = Debug|Any CPU
		{3C9A454C-A6E8-4E5E-BA6F-2000B2B5B8ED}.Debug|x86.ActiveCfg = Debug|Any CPU
		{3C9A454C-A6E8-4E5E-BA6F-2000B2B5B8ED}.Debug|x86.Build.0 = Debug|Any CPU
		{3C9A454C-A6E8-4E5E-BA6F-2000B2B5B8ED}.Release|Any CPU.ActiveCfg = Release|Any CPU
		{3C9A454C-A6E8-4E5E-BA6F-2000B2B5B8ED}.Release|Any CPU.Build.0 = Release|Any CPU
		{3C9A454C-A6E8-4E5E-BA6F-2000B2B5B8ED}.Release|x64.ActiveCfg = Release|Any CPU
		{3C9A454C-A6E8-4E5E-BA6F-2000B2B5B8ED}.Release|x64.Build.0 = Release|Any CPU
		{3C9A454C-A6E8-4E5E-BA6F-2000B2B5B8ED}.Release|x86.ActiveCfg = Release|Any CPU
		{3C9A454C-A6E8-4E5E-BA6F-2000B2B5B8ED}.Release|x86.Build.0 = Release|Any CPU
		{2C577EC3-2DB7-4A8C-A2C1-992B430AB6FC}.Debug|Any CPU.ActiveCfg = Debug|Any CPU
		{2C577EC3-2DB7-4A8C-A2C1-992B430AB6FC}.Debug|Any CPU.Build.0 = Debug|Any CPU
		{2C577EC3-2DB7-4A8C-A2C1-992B430AB6FC}.Debug|x64.ActiveCfg = Debug|Any CPU
		{2C577EC3-2DB7-4A8C-A2C1-992B430AB6FC}.Debug|x64.Build.0 = Debug|Any CPU
		{2C577EC3-2DB7-4A8C-A2C1-992B430AB6FC}.Debug|x86.ActiveCfg = Debug|Any CPU
		{2C577EC3-2DB7-4A8C-A2C1-992B430AB6FC}.Debug|x86.Build.0 = Debug|Any CPU
		{2C577EC3-2DB7-4A8C-A2C1-992B430AB6FC}.Release|Any CPU.ActiveCfg = Release|Any CPU
		{2C577EC3-2DB7-4A8C-A2C1-992B430AB6FC}.Release|Any CPU.Build.0 = Release|Any CPU
		{2C577EC3-2DB7-4A8C-A2C1-992B430AB6FC}.Release|x64.ActiveCfg = Release|Any CPU
		{2C577EC3-2DB7-4A8C-A2C1-992B430AB6FC}.Release|x64.Build.0 = Release|Any CPU
		{2C577EC3-2DB7-4A8C-A2C1-992B430AB6FC}.Release|x86.ActiveCfg = Release|Any CPU
		{2C577EC3-2DB7-4A8C-A2C1-992B430AB6FC}.Release|x86.Build.0 = Release|Any CPU
		{9BA310DF-61DF-4ED4-94D2-732239AACFAD}.Debug|Any CPU.ActiveCfg = Debug|Any CPU
		{9BA310DF-61DF-4ED4-94D2-732239AACFAD}.Debug|Any CPU.Build.0 = Debug|Any CPU
		{9BA310DF-61DF-4ED4-94D2-732239AACFAD}.Debug|x64.ActiveCfg = Debug|Any CPU
		{9BA310DF-61DF-4ED4-94D2-732239AACFAD}.Debug|x64.Build.0 = Debug|Any CPU
		{9BA310DF-61DF-4ED4-94D2-732239AACFAD}.Debug|x86.ActiveCfg = Debug|Any CPU
		{9BA310DF-61DF-4ED4-94D2-732239AACFAD}.Debug|x86.Build.0 = Debug|Any CPU
		{9BA310DF-61DF-4ED4-94D2-732239AACFAD}.Release|Any CPU.ActiveCfg = Release|Any CPU
		{9BA310DF-61DF-4ED4-94D2-732239AACFAD}.Release|Any CPU.Build.0 = Release|Any CPU
		{9BA310DF-61DF-4ED4-94D2-732239AACFAD}.Release|x64.ActiveCfg = Release|Any CPU
		{9BA310DF-61DF-4ED4-94D2-732239AACFAD}.Release|x64.Build.0 = Release|Any CPU
		{9BA310DF-61DF-4ED4-94D2-732239AACFAD}.Release|x86.ActiveCfg = Release|Any CPU
		{9BA310DF-61DF-4ED4-94D2-732239AACFAD}.Release|x86.Build.0 = Release|Any CPU
		{497FC6C9-269B-4B1B-82B1-80FA3AAF9DB0}.Debug|Any CPU.ActiveCfg = Debug|Any CPU
		{497FC6C9-269B-4B1B-82B1-80FA3AAF9DB0}.Debug|Any CPU.Build.0 = Debug|Any CPU
		{497FC6C9-269B-4B1B-82B1-80FA3AAF9DB0}.Debug|x64.ActiveCfg = Debug|Any CPU
		{497FC6C9-269B-4B1B-82B1-80FA3AAF9DB0}.Debug|x64.Build.0 = Debug|Any CPU
		{497FC6C9-269B-4B1B-82B1-80FA3AAF9DB0}.Debug|x86.ActiveCfg = Debug|Any CPU
		{497FC6C9-269B-4B1B-82B1-80FA3AAF9DB0}.Debug|x86.Build.0 = Debug|Any CPU
		{497FC6C9-269B-4B1B-82B1-80FA3AAF9DB0}.Release|Any CPU.ActiveCfg = Release|Any CPU
		{497FC6C9-269B-4B1B-82B1-80FA3AAF9DB0}.Release|Any CPU.Build.0 = Release|Any CPU
		{497FC6C9-269B-4B1B-82B1-80FA3AAF9DB0}.Release|x64.ActiveCfg = Release|Any CPU
		{497FC6C9-269B-4B1B-82B1-80FA3AAF9DB0}.Release|x64.Build.0 = Release|Any CPU
		{497FC6C9-269B-4B1B-82B1-80FA3AAF9DB0}.Release|x86.ActiveCfg = Release|Any CPU
		{497FC6C9-269B-4B1B-82B1-80FA3AAF9DB0}.Release|x86.Build.0 = Release|Any CPU
		{0E5D1874-4D25-48EA-829F-D69757A1E8A4}.Debug|Any CPU.ActiveCfg = Debug|Any CPU
		{0E5D1874-4D25-48EA-829F-D69757A1E8A4}.Debug|Any CPU.Build.0 = Debug|Any CPU
		{0E5D1874-4D25-48EA-829F-D69757A1E8A4}.Debug|x64.ActiveCfg = Debug|Any CPU
		{0E5D1874-4D25-48EA-829F-D69757A1E8A4}.Debug|x64.Build.0 = Debug|Any CPU
		{0E5D1874-4D25-48EA-829F-D69757A1E8A4}.Debug|x86.ActiveCfg = Debug|Any CPU
		{0E5D1874-4D25-48EA-829F-D69757A1E8A4}.Debug|x86.Build.0 = Debug|Any CPU
		{0E5D1874-4D25-48EA-829F-D69757A1E8A4}.Release|Any CPU.ActiveCfg = Release|Any CPU
		{0E5D1874-4D25-48EA-829F-D69757A1E8A4}.Release|Any CPU.Build.0 = Release|Any CPU
		{0E5D1874-4D25-48EA-829F-D69757A1E8A4}.Release|x64.ActiveCfg = Release|Any CPU
		{0E5D1874-4D25-48EA-829F-D69757A1E8A4}.Release|x64.Build.0 = Release|Any CPU
		{0E5D1874-4D25-48EA-829F-D69757A1E8A4}.Release|x86.ActiveCfg = Release|Any CPU
		{0E5D1874-4D25-48EA-829F-D69757A1E8A4}.Release|x86.Build.0 = Release|Any CPU
		{F6DCD8AB-0D6D-4F19-A663-79AAC5AE1A71}.Debug|Any CPU.ActiveCfg = Debug|Any CPU
		{F6DCD8AB-0D6D-4F19-A663-79AAC5AE1A71}.Debug|Any CPU.Build.0 = Debug|Any CPU
		{F6DCD8AB-0D6D-4F19-A663-79AAC5AE1A71}.Debug|x64.ActiveCfg = Debug|Any CPU
		{F6DCD8AB-0D6D-4F19-A663-79AAC5AE1A71}.Debug|x64.Build.0 = Debug|Any CPU
		{F6DCD8AB-0D6D-4F19-A663-79AAC5AE1A71}.Debug|x86.ActiveCfg = Debug|Any CPU
		{F6DCD8AB-0D6D-4F19-A663-79AAC5AE1A71}.Debug|x86.Build.0 = Debug|Any CPU
		{F6DCD8AB-0D6D-4F19-A663-79AAC5AE1A71}.Release|Any CPU.ActiveCfg = Release|Any CPU
		{F6DCD8AB-0D6D-4F19-A663-79AAC5AE1A71}.Release|Any CPU.Build.0 = Release|Any CPU
		{F6DCD8AB-0D6D-4F19-A663-79AAC5AE1A71}.Release|x64.ActiveCfg = Release|Any CPU
		{F6DCD8AB-0D6D-4F19-A663-79AAC5AE1A71}.Release|x64.Build.0 = Release|Any CPU
		{F6DCD8AB-0D6D-4F19-A663-79AAC5AE1A71}.Release|x86.ActiveCfg = Release|Any CPU
		{F6DCD8AB-0D6D-4F19-A663-79AAC5AE1A71}.Release|x86.Build.0 = Release|Any CPU
		{E2AD5350-1330-4456-A49A-83683FBDDBAB}.Debug|Any CPU.ActiveCfg = Debug|Any CPU
		{E2AD5350-1330-4456-A49A-83683FBDDBAB}.Debug|Any CPU.Build.0 = Debug|Any CPU
		{E2AD5350-1330-4456-A49A-83683FBDDBAB}.Debug|x64.ActiveCfg = Debug|Any CPU
		{E2AD5350-1330-4456-A49A-83683FBDDBAB}.Debug|x64.Build.0 = Debug|Any CPU
		{E2AD5350-1330-4456-A49A-83683FBDDBAB}.Debug|x86.ActiveCfg = Debug|Any CPU
		{E2AD5350-1330-4456-A49A-83683FBDDBAB}.Debug|x86.Build.0 = Debug|Any CPU
		{E2AD5350-1330-4456-A49A-83683FBDDBAB}.Release|Any CPU.ActiveCfg = Release|Any CPU
		{E2AD5350-1330-4456-A49A-83683FBDDBAB}.Release|Any CPU.Build.0 = Release|Any CPU
		{E2AD5350-1330-4456-A49A-83683FBDDBAB}.Release|x64.ActiveCfg = Release|Any CPU
		{E2AD5350-1330-4456-A49A-83683FBDDBAB}.Release|x64.Build.0 = Release|Any CPU
		{E2AD5350-1330-4456-A49A-83683FBDDBAB}.Release|x86.ActiveCfg = Release|Any CPU
		{E2AD5350-1330-4456-A49A-83683FBDDBAB}.Release|x86.Build.0 = Release|Any CPU
		{51F10037-DE78-4E23-86A9-3E09BA508824}.Debug|Any CPU.ActiveCfg = Debug|Any CPU
		{51F10037-DE78-4E23-86A9-3E09BA508824}.Debug|Any CPU.Build.0 = Debug|Any CPU
		{51F10037-DE78-4E23-86A9-3E09BA508824}.Debug|x64.ActiveCfg = Debug|Any CPU
		{51F10037-DE78-4E23-86A9-3E09BA508824}.Debug|x64.Build.0 = Debug|Any CPU
		{51F10037-DE78-4E23-86A9-3E09BA508824}.Debug|x86.ActiveCfg = Debug|Any CPU
		{51F10037-DE78-4E23-86A9-3E09BA508824}.Debug|x86.Build.0 = Debug|Any CPU
		{51F10037-DE78-4E23-86A9-3E09BA508824}.Release|Any CPU.ActiveCfg = Release|Any CPU
		{51F10037-DE78-4E23-86A9-3E09BA508824}.Release|Any CPU.Build.0 = Release|Any CPU
		{51F10037-DE78-4E23-86A9-3E09BA508824}.Release|x64.ActiveCfg = Release|Any CPU
		{51F10037-DE78-4E23-86A9-3E09BA508824}.Release|x64.Build.0 = Release|Any CPU
		{51F10037-DE78-4E23-86A9-3E09BA508824}.Release|x86.ActiveCfg = Release|Any CPU
		{51F10037-DE78-4E23-86A9-3E09BA508824}.Release|x86.Build.0 = Release|Any CPU
		{8C4B7C7B-98D7-47C3-A304-D8D117564117}.Debug|Any CPU.ActiveCfg = Debug|Any CPU
		{8C4B7C7B-98D7-47C3-A304-D8D117564117}.Debug|Any CPU.Build.0 = Debug|Any CPU
		{8C4B7C7B-98D7-47C3-A304-D8D117564117}.Debug|x64.ActiveCfg = Debug|Any CPU
		{8C4B7C7B-98D7-47C3-A304-D8D117564117}.Debug|x64.Build.0 = Debug|Any CPU
		{8C4B7C7B-98D7-47C3-A304-D8D117564117}.Debug|x86.ActiveCfg = Debug|Any CPU
		{8C4B7C7B-98D7-47C3-A304-D8D117564117}.Debug|x86.Build.0 = Debug|Any CPU
		{8C4B7C7B-98D7-47C3-A304-D8D117564117}.Release|Any CPU.ActiveCfg = Release|Any CPU
		{8C4B7C7B-98D7-47C3-A304-D8D117564117}.Release|Any CPU.Build.0 = Release|Any CPU
		{8C4B7C7B-98D7-47C3-A304-D8D117564117}.Release|x64.ActiveCfg = Release|Any CPU
		{8C4B7C7B-98D7-47C3-A304-D8D117564117}.Release|x64.Build.0 = Release|Any CPU
		{8C4B7C7B-98D7-47C3-A304-D8D117564117}.Release|x86.ActiveCfg = Release|Any CPU
		{8C4B7C7B-98D7-47C3-A304-D8D117564117}.Release|x86.Build.0 = Release|Any CPU
	EndGlobalSection
	GlobalSection(SolutionProperties) = preSolution
		HideSolutionNode = FALSE
	EndGlobalSection
	GlobalSection(NestedProjects) = preSolution
		{50D4BCAC-5506-4095-94C3-428A47C9B7A6} = {357E275A-AF24-4194-993C-724141E5141B}
		{F8E56F6F-51F9-4B12-97A0-9A2C795DCEE3} = {357E275A-AF24-4194-993C-724141E5141B}
		{9E87A4CD-F504-4666-B9AF-D6D73546B03C} = {8161A879-7D32-4130-9F3E-F10774B31A59}
		{52A21604-C0BF-4D23-82D8-E369AEDD227B} = {8161A879-7D32-4130-9F3E-F10774B31A59}
		{2B8DA07C-ECC6-4D35-B212-F8F3BA7E2B1C} = {8161A879-7D32-4130-9F3E-F10774B31A59}
		{090EE9D9-0584-430A-B334-668DDD1F99D5} = {357E275A-AF24-4194-993C-724141E5141B}
		{1ED90155-F0A1-4612-A37D-ECE771DB9421} = {090EE9D9-0584-430A-B334-668DDD1F99D5}
		{FEDCDE2D-F611-4334-A989-667DB5AECC7C} = {1ED90155-F0A1-4612-A37D-ECE771DB9421}
		{20C062B7-6124-4306-968F-F7BCC5C8B4FA} = {1ED90155-F0A1-4612-A37D-ECE771DB9421}
		{A1680A74-9096-42D9-BE75-9A38440B46F9} = {1ED90155-F0A1-4612-A37D-ECE771DB9421}
		{27C669AC-90E8-4F6F-B84C-41E6EFF03B62} = {1ED90155-F0A1-4612-A37D-ECE771DB9421}
		{42FC3C26-1EF9-4902-A01E-E62BF419246F} = {090EE9D9-0584-430A-B334-668DDD1F99D5}
		{0FA07131-0E56-4571-94B1-DBE15B7AB8DD} = {42FC3C26-1EF9-4902-A01E-E62BF419246F}
		{BE4AA631-9CE1-4A65-A1AB-DA902A4B21B1} = {42FC3C26-1EF9-4902-A01E-E62BF419246F}
		{0F234ED8-F098-4B80-8205-C4F41795C14A} = {42FC3C26-1EF9-4902-A01E-E62BF419246F}
		{DF2F4C17-03CD-430C-9D11-9F5AC43D6CC4} = {42FC3C26-1EF9-4902-A01E-E62BF419246F}
		{41035181-3489-48E4-A8B5-C72EBEB94C3E} = {8161A879-7D32-4130-9F3E-F10774B31A59}
		{CB9128A1-F86E-4809-BF6B-3440F0FB628B} = {8161A879-7D32-4130-9F3E-F10774B31A59}
		{8931A227-7A24-445C-AE50-E4243CA053EC} = {8161A879-7D32-4130-9F3E-F10774B31A59}
		{29E5B6F1-D986-4813-AEBC-F79BFBCD3AD4} = {090EE9D9-0584-430A-B334-668DDD1F99D5}
		{0BF9D969-3864-41C7-99C8-8D3EAED57E5A} = {29E5B6F1-D986-4813-AEBC-F79BFBCD3AD4}
		{DC166B07-CFE8-4780-B081-DB1A48EE7C28} = {29E5B6F1-D986-4813-AEBC-F79BFBCD3AD4}
		{5969AAC2-BD53-4461-BE60-6E6A2CBB5F57} = {29E5B6F1-D986-4813-AEBC-F79BFBCD3AD4}
		{E6CB34BF-F480-4FE5-93BF-27AD3AF104D4} = {29E5B6F1-D986-4813-AEBC-F79BFBCD3AD4}
		{5F205A5E-E7FE-4CB1-A39D-FE57AD31AADB} = {090EE9D9-0584-430A-B334-668DDD1F99D5}
		{2DFDD504-2FC6-421D-B726-B83DDC1F9E89} = {5F205A5E-E7FE-4CB1-A39D-FE57AD31AADB}
		{6348849D-4903-47C3-B51F-F210CC425CC2} = {5F205A5E-E7FE-4CB1-A39D-FE57AD31AADB}
		{0AC13ADE-3C4D-4873-B4A8-97CD91F33423} = {5F205A5E-E7FE-4CB1-A39D-FE57AD31AADB}
		{E7E88B08-772E-4A94-9FA1-C3BE47C4C13F} = {5F205A5E-E7FE-4CB1-A39D-FE57AD31AADB}
		{7344DB11-C38E-C39B-9ED3-90DA46556DD9} = {090EE9D9-0584-430A-B334-668DDD1F99D5}
		{BA933134-FD8B-4BBA-BA5C-66D23BD641CD} = {7344DB11-C38E-C39B-9ED3-90DA46556DD9}
		{2A3F4035-2B4B-4987-92BA-D1664A5E7C9D} = {7344DB11-C38E-C39B-9ED3-90DA46556DD9}
		{664DFB6D-6CFB-4F09-8612-6080581900FC} = {7344DB11-C38E-C39B-9ED3-90DA46556DD9}
		{3C9A454C-A6E8-4E5E-BA6F-2000B2B5B8ED} = {7344DB11-C38E-C39B-9ED3-90DA46556DD9}
		{2C577EC3-2DB7-4A8C-A2C1-992B430AB6FC} = {8161A879-7D32-4130-9F3E-F10774B31A59}
		{9BA310DF-61DF-4ED4-94D2-732239AACFAD} = {8161A879-7D32-4130-9F3E-F10774B31A59}
		{497FC6C9-269B-4B1B-82B1-80FA3AAF9DB0} = {8161A879-7D32-4130-9F3E-F10774B31A59}
		{09CA69CC-E1B6-E968-C838-4C25174A3CC9} = {357E275A-AF24-4194-993C-724141E5141B}
		{0E5D1874-4D25-48EA-829F-D69757A1E8A4} = {09CA69CC-E1B6-E968-C838-4C25174A3CC9}
		{3EC33606-262E-675F-D1B1-CC34E7594E70} = {357E275A-AF24-4194-993C-724141E5141B}
		{F6DCD8AB-0D6D-4F19-A663-79AAC5AE1A71} = {3EC33606-262E-675F-D1B1-CC34E7594E70}
		{5451E514-38B1-1D90-75EF-9D2F9B063D08} = {090EE9D9-0584-430A-B334-668DDD1F99D5}
		{E2AD5350-1330-4456-A49A-83683FBDDBAB} = {5451E514-38B1-1D90-75EF-9D2F9B063D08}
		{51F10037-DE78-4E23-86A9-3E09BA508824} = {8161A879-7D32-4130-9F3E-F10774B31A59}
		{8C4B7C7B-98D7-47C3-A304-D8D117564117} = {8161A879-7D32-4130-9F3E-F10774B31A59}
	EndGlobalSection
EndGlobal
